<Solution>
  <Project Path="форма для сотрудника охраны/форма для сотрудника охраны.csproj" Id="3b18ba59-38d2-4967-8e68-841c95604380" />
  <Project Path="форма Посетителя/форма Посетителя.csproj" />
  <Project Path="форма сотрудника/форма сотрудника.csproj" Id="8ba4cf37-0117-4cc2-92b5-8be471bb7e8e" />
</Solution>
